
Microsoft Visual Studio Solution File, Format Version 12.00
# Visual Studio Version 16
VisualStudioVersion = 16.0.31105.61
MinimumVisualStudioVersion = 10.0.40219.1
Project("{FAE04EC0-301F-11D3-BF4B-00C04F79EFBC}") = "Income.Expenditure.Tracker.Api", "Income.Expenditure.Tracker.Api\Income.Expenditure.Tracker.Api.csproj", "{B75DC8D6-A0A8-4FE1-8DAA-65342748F0D4}"
EndProject
Global
	GlobalSection(SolutionConfigurationPlatforms) = preSolution
		Debug|Any CPU = Debug|Any CPU
		Release|Any CPU = Release|Any CPU
	EndGlobalSection
	GlobalSection(ProjectConfigurationPlatforms) = postSolution
		{B75DC8D6-A0A8-4FE1-8DAA-65342748F0D4}.Debug|Any CPU.ActiveCfg = Debug|Any CPU
		{B75DC8D6-A0A8-4FE1-8DAA-65342748F0D4}.Debug|Any CPU.Build.0 = Debug|Any CPU
		{B75DC8D6-A0A8-4FE1-8DAA-65342748F0D4}.Release|Any CPU.ActiveCfg = Release|Any CPU
		{B75DC8D6-A0A8-4FE1-8DAA-65342748F0D4}.Release|Any CPU.Build.0 = Release|Any CPU
	EndGlobalSection
	GlobalSection(SolutionProperties) = preSolution
		HideSolutionNode = FALSE
	EndGlobalSection
	GlobalSection(ExtensibilityGlobals) = postSolution
		SolutionGuid = {F9C207AB-61D1-4621-8140-0ACF04A8E655}
	EndGlobalSection
EndGlobal
